// !$*UTF8*$!
{
	archiveVersion = 1;
	classes = {
	};
	objectVersion = 46;
	objects = {

/* Begin PBXBuildFile section */
		72CC37D61662D1E29F10C354 /* libPods-Omnidash.a in Frameworks */ = {isa = PBXBuildFile; fileRef = 2262C93319F0F75EAC56D293 /* libPods-Omnidash.a */; };
		73AADD714E280E21E4929749 /* libPods-OmnidashTests.a in Frameworks */ = {isa = PBXBuildFile; fileRef = 2BCACE2D9FE6A34DFFBE41A9 /* libPods-OmnidashTests.a */; };
		C4867E3D1AB4F39D00B7B4CF /* AppDelegate.swift in Sources */ = {isa = PBXBuildFile; fileRef = C4867E3C1AB4F39D00B7B4CF /* AppDelegate.swift */; };
		C4867E3F1AB4F39D00B7B4CF /* Images.xcassets in Resources */ = {isa = PBXBuildFile; fileRef = C4867E3E1AB4F39D00B7B4CF /* Images.xcassets */; };
		C4867E421AB4F39D00B7B4CF /* MainMenu.xib in Resources */ = {isa = PBXBuildFile; fileRef = C4867E401AB4F39D00B7B4CF /* MainMenu.xib */; };
		C4867E4E1AB4F39D00B7B4CF /* OmnidashTests.swift in Sources */ = {isa = PBXBuildFile; fileRef = C4867E4D1AB4F39D00B7B4CF /* OmnidashTests.swift */; };
		C4867E581AB4F70E00B7B4CF /* FullscreenWindowController.swift in Sources */ = {isa = PBXBuildFile; fileRef = C4867E571AB4F70E00B7B4CF /* FullscreenWindowController.swift */; };
		C4867E5A1AB4FD4500B7B4CF /* WidgetManager.swift in Sources */ = {isa = PBXBuildFile; fileRef = C4867E591AB4FD4500B7B4CF /* WidgetManager.swift */; };
		C4867E5C1AB4FFCC00B7B4CF /* WidgetBaseViewController.swift in Sources */ = {isa = PBXBuildFile; fileRef = C4867E5B1AB4FFCC00B7B4CF /* WidgetBaseViewController.swift */; };
		C4867E5F1AB504D400B7B4CF /* WeatherViewController.swift in Sources */ = {isa = PBXBuildFile; fileRef = C4867E5E1AB504D400B7B4CF /* WeatherViewController.swift */; };
/* End PBXBuildFile section */

/* Begin PBXContainerItemProxy section */
		C4867E481AB4F39D00B7B4CF /* PBXContainerItemProxy */ = {
			isa = PBXContainerItemProxy;
			containerPortal = C4867E2F1AB4F39D00B7B4CF /* Project object */;
			proxyType = 1;
			remoteGlobalIDString = C4867E361AB4F39D00B7B4CF;
			remoteInfo = Omnidash;
		};
/* End PBXContainerItemProxy section */

/* Begin PBXFileReference section */
		2262C93319F0F75EAC56D293 /* libPods-Omnidash.a */ = {isa = PBXFileReference; explicitFileType = archive.ar; includeInIndex = 0; path = "libPods-Omnidash.a"; sourceTree = BUILT_PRODUCTS_DIR; };
		2BCACE2D9FE6A34DFFBE41A9 /* libPods-OmnidashTests.a */ = {isa = PBXFileReference; explicitFileType = archive.ar; includeInIndex = 0; path = "libPods-OmnidashTests.a"; sourceTree = BUILT_PRODUCTS_DIR; };
		6A28C9D86CBC01DDFFCFDE14 /* Pods-OmnidashTests.release.xcconfig */ = {isa = PBXFileReference; includeInIndex = 1; lastKnownFileType = text.xcconfig; name = "Pods-OmnidashTests.release.xcconfig"; path = "Pods/Target Support Files/Pods-OmnidashTests/Pods-OmnidashTests.release.xcconfig"; sourceTree = "<group>"; };
		8E51E52B44755620BB552C04 /* Pods-Omnidash.release.xcconfig */ = {isa = PBXFileReference; includeInIndex = 1; lastKnownFileType = text.xcconfig; name = "Pods-Omnidash.release.xcconfig"; path = "Pods/Target Support Files/Pods-Omnidash/Pods-Omnidash.release.xcconfig"; sourceTree = "<group>"; };
		AD23BF2DD1973CFD206964FC /* Pods-Omnidash.debug.xcconfig */ = {isa = PBXFileReference; includeInIndex = 1; lastKnownFileType = text.xcconfig; name = "Pods-Omnidash.debug.xcconfig"; path = "Pods/Target Support Files/Pods-Omnidash/Pods-Omnidash.debug.xcconfig"; sourceTree = "<group>"; };
		C4867E371AB4F39D00B7B4CF /* Omnidash.app */ = {isa = PBXFileReference; explicitFileType = wrapper.application; includeInIndex = 0; path = Omnidash.app; sourceTree = BUILT_PRODUCTS_DIR; };
		C4867E3B1AB4F39D00B7B4CF /* Info.plist */ = {isa = PBXFileReference; lastKnownFileType = text.plist.xml; path = Info.plist; sourceTree = "<group>"; };
		C4867E3C1AB4F39D00B7B4CF /* AppDelegate.swift */ = {isa = PBXFileReference; lastKnownFileType = sourcecode.swift; path = AppDelegate.swift; sourceTree = "<group>"; };
		C4867E3E1AB4F39D00B7B4CF /* Images.xcassets */ = {isa = PBXFileReference; lastKnownFileType = folder.assetcatalog; path = Images.xcassets; sourceTree = "<group>"; };
		C4867E411AB4F39D00B7B4CF /* Base */ = {isa = PBXFileReference; lastKnownFileType = file.xib; name = Base; path = Base.lproj/MainMenu.xib; sourceTree = "<group>"; };
		C4867E471AB4F39D00B7B4CF /* OmnidashTests.xctest */ = {isa = PBXFileReference; explicitFileType = wrapper.cfbundle; includeInIndex = 0; path = OmnidashTests.xctest; sourceTree = BUILT_PRODUCTS_DIR; };
		C4867E4C1AB4F39D00B7B4CF /* Info.plist */ = {isa = PBXFileReference; lastKnownFileType = text.plist.xml; path = Info.plist; sourceTree = "<group>"; };
		C4867E4D1AB4F39D00B7B4CF /* OmnidashTests.swift */ = {isa = PBXFileReference; lastKnownFileType = sourcecode.swift; path = OmnidashTests.swift; sourceTree = "<group>"; };
		C4867E571AB4F70E00B7B4CF /* FullscreenWindowController.swift */ = {isa = PBXFileReference; fileEncoding = 4; lastKnownFileType = sourcecode.swift; name = FullscreenWindowController.swift; path = Classes/FullscreenWindowController.swift; sourceTree = "<group>"; };
		C4867E591AB4FD4500B7B4CF /* WidgetManager.swift */ = {isa = PBXFileReference; fileEncoding = 4; lastKnownFileType = sourcecode.swift; name = WidgetManager.swift; path = Classes/WidgetManager.swift; sourceTree = "<group>"; };
		C4867E5B1AB4FFCC00B7B4CF /* WidgetBaseViewController.swift */ = {isa = PBXFileReference; fileEncoding = 4; lastKnownFileType = sourcecode.swift; name = WidgetBaseViewController.swift; path = Classes/WidgetBaseViewController.swift; sourceTree = "<group>"; };
		C4867E5E1AB504D400B7B4CF /* WeatherViewController.swift */ = {isa = PBXFileReference; fileEncoding = 4; lastKnownFileType = sourcecode.swift; name = WeatherViewController.swift; path = Classes/Widgets/WeatherViewController.swift; sourceTree = "<group>"; };
		E07A84C11810ED557ED4E23C /* Pods-OmnidashTests.debug.xcconfig */ = {isa = PBXFileReference; includeInIndex = 1; lastKnownFileType = text.xcconfig; name = "Pods-OmnidashTests.debug.xcconfig"; path = "Pods/Target Support Files/Pods-OmnidashTests/Pods-OmnidashTests.debug.xcconfig"; sourceTree = "<group>"; };
/* End PBXFileReference section */

/* Begin PBXFrameworksBuildPhase section */
		C4867E341AB4F39D00B7B4CF /* Frameworks */ = {
			isa = PBXFrameworksBuildPhase;
			buildActionMask = 2147483647;
			files = (
				72CC37D61662D1E29F10C354 /* libPods-Omnidash.a in Frameworks */,
			);
			runOnlyForDeploymentPostprocessing = 0;
		};
		C4867E441AB4F39D00B7B4CF /* Frameworks */ = {
			isa = PBXFrameworksBuildPhase;
			buildActionMask = 2147483647;
			files = (
				73AADD714E280E21E4929749 /* libPods-OmnidashTests.a in Frameworks */,
			);
			runOnlyForDeploymentPostprocessing = 0;
		};
/* End PBXFrameworksBuildPhase section */

/* Begin PBXGroup section */
		946B1A81561169CDB84E8E59 /* Frameworks */ = {
			isa = PBXGroup;
			children = (
				2262C93319F0F75EAC56D293 /* libPods-Omnidash.a */,
				2BCACE2D9FE6A34DFFBE41A9 /* libPods-OmnidashTests.a */,
			);
			name = Frameworks;
			sourceTree = "<group>";
		};
		C4867E2E1AB4F39D00B7B4CF = {
			isa = PBXGroup;
			children = (
				C4867E391AB4F39D00B7B4CF /* Omnidash */,
				C4867E4A1AB4F39D00B7B4CF /* OmnidashTests */,
				C4867E381AB4F39D00B7B4CF /* Products */,
				D5B2530BF6D1DC9B61187566 /* Pods */,
				946B1A81561169CDB84E8E59 /* Frameworks */,
			);
			sourceTree = "<group>";
		};
		C4867E381AB4F39D00B7B4CF /* Products */ = {
			isa = PBXGroup;
			children = (
				C4867E371AB4F39D00B7B4CF /* Omnidash.app */,
				C4867E471AB4F39D00B7B4CF /* OmnidashTests.xctest */,
			);
			name = Products;
			sourceTree = "<group>";
		};
		C4867E391AB4F39D00B7B4CF /* Omnidash */ = {
			isa = PBXGroup;
			children = (
				C4867E5D1AB504C200B7B4CF /* Widgets */,
				C4867E3C1AB4F39D00B7B4CF /* AppDelegate.swift */,
				C4867E591AB4FD4500B7B4CF /* WidgetManager.swift */,
				C4867E571AB4F70E00B7B4CF /* FullscreenWindowController.swift */,
				C4867E5B1AB4FFCC00B7B4CF /* WidgetBaseViewController.swift */,
				C4867E3E1AB4F39D00B7B4CF /* Images.xcassets */,
				C4867E401AB4F39D00B7B4CF /* MainMenu.xib */,
				C4867E3A1AB4F39D00B7B4CF /* Supporting Files */,
			);
			path = Omnidash;
			sourceTree = "<group>";
		};
		C4867E3A1AB4F39D00B7B4CF /* Supporting Files */ = {
			isa = PBXGroup;
			children = (
				C4867E3B1AB4F39D00B7B4CF /* Info.plist */,
			);
			name = "Supporting Files";
			sourceTree = "<group>";
		};
		C4867E4A1AB4F39D00B7B4CF /* OmnidashTests */ = {
			isa = PBXGroup;
			children = (
				C4867E4D1AB4F39D00B7B4CF /* OmnidashTests.swift */,
				C4867E4B1AB4F39D00B7B4CF /* Supporting Files */,
			);
			path = OmnidashTests;
			sourceTree = "<group>";
		};
		C4867E4B1AB4F39D00B7B4CF /* Supporting Files */ = {
			isa = PBXGroup;
			children = (
				C4867E4C1AB4F39D00B7B4CF /* Info.plist */,
			);
			name = "Supporting Files";
			sourceTree = "<group>";
		};
		C4867E5D1AB504C200B7B4CF /* Widgets */ = {
			isa = PBXGroup;
			children = (
				C4867E5E1AB504D400B7B4CF /* WeatherViewController.swift */,
			);
			name = Widgets;
			sourceTree = "<group>";
		};
		D5B2530BF6D1DC9B61187566 /* Pods */ = {
			isa = PBXGroup;
			children = (
				AD23BF2DD1973CFD206964FC /* Pods-Omnidash.debug.xcconfig */,
				8E51E52B44755620BB552C04 /* Pods-Omnidash.release.xcconfig */,
				E07A84C11810ED557ED4E23C /* Pods-OmnidashTests.debug.xcconfig */,
				6A28C9D86CBC01DDFFCFDE14 /* Pods-OmnidashTests.release.xcconfig */,
			);
			name = Pods;
			sourceTree = "<group>";
		};
/* End PBXGroup section */

/* Begin PBXNativeTarget section */
		C4867E361AB4F39D00B7B4CF /* Omnidash */ = {
			isa = PBXNativeTarget;
			buildConfigurationList = C4867E511AB4F39D00B7B4CF /* Build configuration list for PBXNativeTarget "Omnidash" */;
			buildPhases = (
				8639BBC4031E57B279A14489 /* Check Pods Manifest.lock */,
				C4867E331AB4F39D00B7B4CF /* Sources */,
				C4867E341AB4F39D00B7B4CF /* Frameworks */,
				C4867E351AB4F39D00B7B4CF /* Resources */,
				73CE45575570A1D31E8D245A /* Copy Pods Resources */,
			);
			buildRules = (
			);
			dependencies = (
			);
			name = Omnidash;
			productName = Omnidash;
			productReference = C4867E371AB4F39D00B7B4CF /* Omnidash.app */;
			productType = "com.apple.product-type.application";
		};
		C4867E461AB4F39D00B7B4CF /* OmnidashTests */ = {
			isa = PBXNativeTarget;
			buildConfigurationList = C4867E541AB4F39D00B7B4CF /* Build configuration list for PBXNativeTarget "OmnidashTests" */;
			buildPhases = (
				AC3C5C3D3C2D3094B141BCB8 /* Check Pods Manifest.lock */,
				C4867E431AB4F39D00B7B4CF /* Sources */,
				C4867E441AB4F39D00B7B4CF /* Frameworks */,
				C4867E451AB4F39D00B7B4CF /* Resources */,
				E950359F9F78A4FD7077700C /* Copy Pods Resources */,
			);
			buildRules = (
			);
			dependencies = (
				C4867E491AB4F39D00B7B4CF /* PBXTargetDependency */,
			);
			name = OmnidashTests;
			productName = OmnidashTests;
			productReference = C4867E471AB4F39D00B7B4CF /* OmnidashTests.xctest */;
			productType = "com.apple.product-type.bundle.unit-test";
		};
/* End PBXNativeTarget section */

/* Begin PBXProject section */
		C4867E2F1AB4F39D00B7B4CF /* Project object */ = {
			isa = PBXProject;
			attributes = {
				LastUpgradeCheck = 0610;
				ORGANIZATIONNAME = "Jerry Wong";
				TargetAttributes = {
					C4867E361AB4F39D00B7B4CF = {
						CreatedOnToolsVersion = 6.1.1;
					};
					C4867E461AB4F39D00B7B4CF = {
						CreatedOnToolsVersion = 6.1.1;
						TestTargetID = C4867E361AB4F39D00B7B4CF;
					};
				};
			};
			buildConfigurationList = C4867E321AB4F39D00B7B4CF /* Build configuration list for PBXProject "Omnidash" */;
			compatibilityVersion = "Xcode 3.2";
			developmentRegion = English;
			hasScannedForEncodings = 0;
			knownRegions = (
				en,
				Base,
			);
			mainGroup = C4867E2E1AB4F39D00B7B4CF;
			productRefGroup = C4867E381AB4F39D00B7B4CF /* Products */;
			projectDirPath = "";
			projectRoot = "";
			targets = (
				C4867E361AB4F39D00B7B4CF /* Omnidash */,
				C4867E461AB4F39D00B7B4CF /* OmnidashTests */,
			);
		};
/* End PBXProject section */

/* Begin PBXResourcesBuildPhase section */
		C4867E351AB4F39D00B7B4CF /* Resources */ = {
			isa = PBXResourcesBuildPhase;
			buildActionMask = 2147483647;
			files = (
				C4867E3F1AB4F39D00B7B4CF /* Images.xcassets in Resources */,
				C4867E421AB4F39D00B7B4CF /* MainMenu.xib in Resources */,
			);
			runOnlyForDeploymentPostprocessing = 0;
		};
		C4867E451AB4F39D00B7B4CF /* Resources */ = {
			isa = PBXResourcesBuildPhase;
			buildActionMask = 2147483647;
			files = (
			);
			runOnlyForDeploymentPostprocessing = 0;
		};
/* End PBXResourcesBuildPhase section */

/* Begin PBXShellScriptBuildPhase section */
		73CE45575570A1D31E8D245A /* Copy Pods Resources */ = {
			isa = PBXShellScriptBuildPhase;
			buildActionMask = 2147483647;
			files = (
			);
			inputPaths = (
			);
			name = "Copy Pods Resources";
			outputPaths = (
			);
			runOnlyForDeploymentPostprocessing = 0;
			shellPath = /bin/sh;
			shellScript = "\"${SRCROOT}/Pods/Target Support Files/Pods-Omnidash/Pods-Omnidash-resources.sh\"\n";
			showEnvVarsInLog = 0;
		};
		8639BBC4031E57B279A14489 /* Check Pods Manifest.lock */ = {
			isa = PBXShellScriptBuildPhase;
			buildActionMask = 2147483647;
			files = (
			);
			inputPaths = (
			);
			name = "Check Pods Manifest.lock";
			outputPaths = (
			);
			runOnlyForDeploymentPostprocessing = 0;
			shellPath = /bin/sh;
			shellScript = "diff \"${PODS_ROOT}/../Podfile.lock\" \"${PODS_ROOT}/Manifest.lock\" > /dev/null\nif [[ $? != 0 ]] ; then\n    cat << EOM\nerror: The sandbox is not in sync with the Podfile.lock. Run 'pod install' or update your CocoaPods installation.\nEOM\n    exit 1\nfi\n";
			showEnvVarsInLog = 0;
		};
		AC3C5C3D3C2D3094B141BCB8 /* Check Pods Manifest.lock */ = {
			isa = PBXShellScriptBuildPhase;
			buildActionMask = 2147483647;
			files = (
			);
			inputPaths = (
			);
			name = "Check Pods Manifest.lock";
			outputPaths = (
			);
			runOnlyForDeploymentPostprocessing = 0;
			shellPath = /bin/sh;
			shellScript = "diff \"${PODS_ROOT}/../Podfile.lock\" \"${PODS_ROOT}/Manifest.lock\" > /dev/null\nif [[ $? != 0 ]] ; then\n    cat << EOM\nerror: The sandbox is not in sync with the Podfile.lock. Run 'pod install' or update your CocoaPods installation.\nEOM\n    exit 1\nfi\n";
			showEnvVarsInLog = 0;
		};
		E950359F9F78A4FD7077700C /* Copy Pods Resources */ = {
			isa = PBXShellScriptBuildPhase;
			buildActionMask = 2147483647;
			files = (
			);
			inputPaths = (
			);
			name = "Copy Pods Resources";
			outputPaths = (
			);
			runOnlyForDeploymentPostprocessing = 0;
			shellPath = /bin/sh;
			shellScript = "\"${SRCROOT}/Pods/Target Support Files/Pods-OmnidashTests/Pods-OmnidashTests-resources.sh\"\n";
			showEnvVarsInLog = 0;
		};
/* End PBXShellScriptBuildPhase section */

/* Begin PBXSourcesBuildPhase section */
		C4867E331AB4F39D00B7B4CF /* Sources */ = {
			isa = PBXSourcesBuildPhase;
			buildActionMask = 2147483647;
			files = (
				C4867E581AB4F70E00B7B4CF /* FullscreenWindowController.swift in Sources */,
				C4867E5F1AB504D400B7B4CF /* WeatherViewController.swift in Sources */,
				C4867E3D1AB4F39D00B7B4CF /* AppDelegate.swift in Sources */,
				C4867E5A1AB4FD4500B7B4CF /* WidgetManager.swift in Sources */,
				C4867E5C1AB4FFCC00B7B4CF /* WidgetBaseViewController.swift in Sources */,
			);
			runOnlyForDeploymentPostprocessing = 0;
		};
		C4867E431AB4F39D00B7B4CF /* Sources */ = {
			isa = PBXSourcesBuildPhase;
			buildActionMask = 2147483647;
			files = (
				C4867E4E1AB4F39D00B7B4CF /* OmnidashTests.swift in Sources */,
			);
			runOnlyForDeploymentPostprocessing = 0;
		};
/* End PBXSourcesBuildPhase section */

/* Begin PBXTargetDependency section */
		C4867E491AB4F39D00B7B4CF /* PBXTargetDependency */ = {
			isa = PBXTargetDependency;
			target = C4867E361AB4F39D00B7B4CF /* Omnidash */;
			targetProxy = C4867E481AB4F39D00B7B4CF /* PBXContainerItemProxy */;
		};
/* End PBXTargetDependency section */

/* Begin PBXVariantGroup section */
		C4867E401AB4F39D00B7B4CF /* MainMenu.xib */ = {
			isa = PBXVariantGroup;
			children = (
				C4867E411AB4F39D00B7B4CF /* Base */,
			);
			name = MainMenu.xib;
			sourceTree = "<group>";
		};
/* End PBXVariantGroup section */

/* Begin XCBuildConfiguration section */
		C4867E4F1AB4F39D00B7B4CF /* Debug */ = {
			isa = XCBuildConfiguration;
			buildSettings = {
				ALWAYS_SEARCH_USER_PATHS = NO;
				CLANG_CXX_LANGUAGE_STANDARD = "gnu++0x";
				CLANG_CXX_LIBRARY = "libc++";
				CLANG_ENABLE_MODULES = YES;
				CLANG_ENABLE_OBJC_ARC = YES;
				CLANG_WARN_BOOL_CONVERSION = YES;
				CLANG_WARN_CONSTANT_CONVERSION = YES;
				CLANG_WARN_DIRECT_OBJC_ISA_USAGE = YES_ERROR;
				CLANG_WARN_EMPTY_BODY = YES;
				CLANG_WARN_ENUM_CONVERSION = YES;
				CLANG_WARN_INT_CONVERSION = YES;
				CLANG_WARN_OBJC_ROOT_CLASS = YES_ERROR;
				CLANG_WARN_UNREACHABLE_CODE = YES;
				CLANG_WARN__DUPLICATE_METHOD_MATCH = YES;
				CODE_SIGN_IDENTITY = "-";
				COPY_PHASE_STRIP = NO;
				ENABLE_STRICT_OBJC_MSGSEND = YES;
				GCC_C_LANGUAGE_STANDARD = gnu99;
				GCC_DYNAMIC_NO_PIC = NO;
				GCC_OPTIMIZATION_LEVEL = 0;
				GCC_PREPROCESSOR_DEFINITIONS = (
					"DEBUG=1",
					"$(inherited)",
				);
				GCC_SYMBOLS_PRIVATE_EXTERN = NO;
				GCC_WARN_64_TO_32_BIT_CONVERSION = YES;
				GCC_WARN_ABOUT_RETURN_TYPE = YES_ERROR;
				GCC_WARN_UNDECLARED_SELECTOR = YES;
				GCC_WARN_UNINITIALIZED_AUTOS = YES_AGGRESSIVE;
				GCC_WARN_UNUSED_FUNCTION = YES;
				GCC_WARN_UNUSED_VARIABLE = YES;
				MACOSX_DEPLOYMENT_TARGET = 10.10;
				MTL_ENABLE_DEBUG_INFO = YES;
				ONLY_ACTIVE_ARCH = YES;
				SDKROOT = macosx;
				SWIFT_OPTIMIZATION_LEVEL = "-Onone";
			};
			name = Debug;
		};
		C4867E501AB4F39D00B7B4CF /* Release */ = {
			isa = XCBuildConfiguration;
			buildSettings = {
				ALWAYS_SEARCH_USER_PATHS = NO;
				CLANG_CXX_LANGUAGE_STANDARD = "gnu++0x";
				CLANG_CXX_LIBRARY = "libc++";
				CLANG_ENABLE_MODULES = YES;
				CLANG_ENABLE_OBJC_ARC = YES;
				CLANG_WARN_BOOL_CONVERSION = YES;
				CLANG_WARN_CONSTANT_CONVERSION = YES;
				CLANG_WARN_DIRECT_OBJC_ISA_USAGE = YES_ERROR;
				CLANG_WARN_EMPTY_BODY = YES;
				CLANG_WARN_ENUM_CONVERSION = YES;
				CLANG_WARN_INT_CONVERSION = YES;
				CLANG_WARN_OBJC_ROOT_CLASS = YES_ERROR;
				CLANG_WARN_UNREACHABLE_CODE = YES;
				CLANG_WARN__DUPLICATE_METHOD_MATCH = YES;
				CODE_SIGN_IDENTITY = "-";
				COPY_PHASE_STRIP = YES;
				DEBUG_INFORMATION_FORMAT = "dwarf-with-dsym";
				ENABLE_NS_ASSERTIONS = NO;
				ENABLE_STRICT_OBJC_MSGSEND = YES;
				GCC_C_LANGUAGE_STANDARD = gnu99;
				GCC_WARN_64_TO_32_BIT_CONVERSION = YES;
				GCC_WARN_ABOUT_RETURN_TYPE = YES_ERROR;
				GCC_WARN_UNDECLARED_SELECTOR = YES;
				GCC_WARN_UNINITIALIZED_AUTOS = YES_AGGRESSIVE;
				GCC_WARN_UNUSED_FUNCTION = YES;
				GCC_WARN_UNUSED_VARIABLE = YES;
				MACOSX_DEPLOYMENT_TARGET = 10.10;
				MTL_ENABLE_DEBUG_INFO = NO;
				SDKROOT = macosx;
			};
			name = Release;
		};
		C4867E521AB4F39D00B7B4CF /* Debug */ = {
			isa = XCBuildConfiguration;
			baseConfigurationReference = AD23BF2DD1973CFD206964FC /* Pods-Omnidash.debug.xcconfig */;
			buildSettings = {
				ASSETCATALOG_COMPILER_APPICON_NAME = AppIcon;
				COMBINE_HIDPI_IMAGES = YES;
				INFOPLIST_FILE = Omnidash/Info.plist;
				LD_RUNPATH_SEARCH_PATHS = "$(inherited) @executable_path/../Frameworks";
				PRODUCT_NAME = "$(TARGET_NAME)";
			};
			name = Debug;
		};
		C4867E531AB4F39D00B7B4CF /* Release */ = {
			isa = XCBuildConfiguration;
			baseConfigurationReference = 8E51E52B44755620BB552C04 /* Pods-Omnidash.release.xcconfig */;
			buildSettings = {
				ASSETCATALOG_COMPILER_APPICON_NAME = AppIcon;
				COMBINE_HIDPI_IMAGES = YES;
				INFOPLIST_FILE = Omnidash/Info.plist;
				LD_RUNPATH_SEARCH_PATHS = "$(inherited) @executable_path/../Frameworks";
				PRODUCT_NAME = "$(TARGET_NAME)";
			};
			name = Release;
		};
		C4867E551AB4F39D00B7B4CF /* Debug */ = {
			isa = XCBuildConfiguration;
			baseConfigurationReference = E07A84C11810ED557ED4E23C /* Pods-OmnidashTests.debug.xcconfig */;
			buildSettings = {
				BUNDLE_LOADER = "$(TEST_HOST)";
				COMBINE_HIDPI_IMAGES = YES;
				FRAMEWORK_SEARCH_PATHS = (
					"$(DEVELOPER_FRAMEWORKS_DIR)",
					"$(inherited)",
				);
				GCC_PREPROCESSOR_DEFINITIONS = (
					"DEBUG=1",
					"$(inherited)",
				);
				INFOPLIST_FILE = OmnidashTests/Info.plist;
				LD_RUNPATH_SEARCH_PATHS = "$(inherited) @executable_path/../Frameworks @loader_path/../Frameworks";
				PRODUCT_NAME = "$(TARGET_NAME)";
				TEST_HOST = "$(BUILT_PRODUCTS_DIR)/Omnidash.app/Contents/MacOS/Omnidash";
			};
			name = Debug;
		};
		C4867E561AB4F39D00B7B4CF /* Release */ = {
			isa = XCBuildConfiguration;
			baseConfigurationReference = 6A28C9D86CBC01DDFFCFDE14 /* Pods-OmnidashTests.release.xcconfig */;
			buildSettings = {
				BUNDLE_LOADER = "$(TEST_HOST)";
				COMBINE_HIDPI_IMAGES = YES;
				FRAMEWORK_SEARCH_PATHS = (
					"$(DEVELOPER_FRAMEWORKS_DIR)",
					"$(inherited)",
				);
				INFOPLIST_FILE = OmnidashTests/Info.plist;
				LD_RUNPATH_SEARCH_PATHS = "$(inherited) @executable_path/../Frameworks @loader_path/../Frameworks";
				PRODUCT_NAME = "$(TARGET_NAME)";
				TEST_HOST = "$(BUILT_PRODUCTS_DIR)/Omnidash.app/Contents/MacOS/Omnidash";
			};
			name = Release;
		};
/* End XCBuildConfiguration section */

/* Begin XCConfigurationList section */
		C4867E321AB4F39D00B7B4CF /* Build configuration list for PBXProject "Omnidash" */ = {
			isa = XCConfigurationList;
			buildConfigurations = (
				C4867E4F1AB4F39D00B7B4CF /* Debug */,
				C4867E501AB4F39D00B7B4CF /* Release */,
			);
			defaultConfigurationIsVisible = 0;
			defaultConfigurationName = Release;
		};
		C4867E511AB4F39D00B7B4CF /* Build configuration list for PBXNativeTarget "Omnidash" */ = {
			isa = XCConfigurationList;
			buildConfigurations = (
				C4867E521AB4F39D00B7B4CF /* Debug */,
				C4867E531AB4F39D00B7B4CF /* Release */,
			);
			defaultConfigurationIsVisible = 0;
			defaultConfigurationName = Release;
		};
		C4867E541AB4F39D00B7B4CF /* Build configuration list for PBXNativeTarget "OmnidashTests" */ = {
			isa = XCConfigurationList;
			buildConfigurations = (
				C4867E551AB4F39D00B7B4CF /* Debug */,
				C4867E561AB4F39D00B7B4CF /* Release */,
			);
			defaultConfigurationIsVisible = 0;
			defaultConfigurationName = Release;
		};
/* End XCConfigurationList section */
	};
	rootObject = C4867E2F1AB4F39D00B7B4CF /* Project object */;
}
